// !$*UTF8*$!
{
	archiveVersion = 1;
	classes = {
	};
	objectVersion = 46;
	objects = {

/* Begin PBXBuildFile section */
		2253864720BFB4E600B11E0B /* Main.storyboard in Resources */ = {isa = PBXBuildFile; fileRef = 2253864620BFB4E600B11E0B /* Main.storyboard */; };
		2253864E20BFB4F900B11E0B /* MenuVC.xib in Resources */ = {isa = PBXBuildFile; fileRef = 2253864B20BFB4F900B11E0B /* MenuVC.xib */; };
		2253864F20BFB4F900B11E0B /* MenuVC.swift in Sources */ = {isa = PBXBuildFile; fileRef = 2253864C20BFB4F900B11E0B /* MenuVC.swift */; };
		2253865020BFB4F900B11E0B /* MenuCell.swift in Sources */ = {isa = PBXBuildFile; fileRef = 2253864D20BFB4F900B11E0B /* MenuCell.swift */; };
		2253865520BFB53900B11E0B /* ColectionExt.swift in Sources */ = {isa = PBXBuildFile; fileRef = 2253865120BFB53900B11E0B /* ColectionExt.swift */; };
		2253865620BFB53900B11E0B /* RawRepresentableExt.swift in Sources */ = {isa = PBXBuildFile; fileRef = 2253865220BFB53900B11E0B /* RawRepresentableExt.swift */; };
		2253865720BFB53900B11E0B /* UIStoryBoardExt.swift in Sources */ = {isa = PBXBuildFile; fileRef = 2253865320BFB53900B11E0B /* UIStoryBoardExt.swift */; };
		2253865820BFB53900B11E0B /* CustomStringConvertibleExt.swift in Sources */ = {isa = PBXBuildFile; fileRef = 2253865420BFB53900B11E0B /* CustomStringConvertibleExt.swift */; };
		225EB11320C3A10E00FCF51F /* IntExt.swift in Sources */ = {isa = PBXBuildFile; fileRef = 225EB11220C3A10E00FCF51F /* IntExt.swift */; };
		22C3A0A620BFB97A00602CBC /* SideMenuController.swift in Sources */ = {isa = PBXBuildFile; fileRef = 22C3A0A520BFB97A00602CBC /* SideMenuController.swift */; };
		22C3A0A820BFB98400602CBC /* img_banner.png in Resources */ = {isa = PBXBuildFile; fileRef = 22C3A0A720BFB98400602CBC /* img_banner.png */; };
		22C3A0AB20BFB9BA00602CBC /* BBTabbarController.swift in Sources */ = {isa = PBXBuildFile; fileRef = 22C3A0AA20BFB9BA00602CBC /* BBTabbarController.swift */; };
		22C3A0AE20BFBA2B00602CBC /* HomeVC.swift in Sources */ = {isa = PBXBuildFile; fileRef = 22C3A0AD20BFBA2B00602CBC /* HomeVC.swift */; };
		22C3A0B020C0737000602CBC /* Size.swift in Sources */ = {isa = PBXBuildFile; fileRef = 22C3A0AF20C0737000602CBC /* Size.swift */; };
		22C3A0B220C0746200602CBC /* btcCell.png in Resources */ = {isa = PBXBuildFile; fileRef = 22C3A0B120C0746200602CBC /* btcCell.png */; };
		22C3A0B520C0754C00602CBC /* HomeCell.swift in Sources */ = {isa = PBXBuildFile; fileRef = 22C3A0B420C0754C00602CBC /* HomeCell.swift */; };
		22C60B3120C2FBC500577688 /* UIImageViewExt.swift in Sources */ = {isa = PBXBuildFile; fileRef = 22C60B3020C2FBC500577688 /* UIImageViewExt.swift */; };
		22C60B3420C2FBE400577688 /* Ticket.swift in Sources */ = {isa = PBXBuildFile; fileRef = 22C60B3220C2FBE300577688 /* Ticket.swift */; };
		22C60B3520C2FBE400577688 /* GlobalInfo.swift in Sources */ = {isa = PBXBuildFile; fileRef = 22C60B3320C2FBE400577688 /* GlobalInfo.swift */; };
		57E497D821F650E126AD586C /* Pods_BBCap.framework in Frameworks */ = {isa = PBXBuildFile; fileRef = 40E9C3B2D9F3914160F6E978 /* Pods_BBCap.framework */; };
		6E1AEE880A5F5145BCAA9FDF /* Pods_BBCap_BBCapTests.framework in Frameworks */ = {isa = PBXBuildFile; fileRef = BF0AAB766BC2EED83274D0DA /* Pods_BBCap_BBCapTests.framework */; };
		8565AB4487D42A3CCDE80200 /* Pods_BBCap_BBCapTests.framework in Frameworks */ = {isa = PBXBuildFile; fileRef = D8AAC03CF0945B98E69CC88E /* Pods_BBCap_BBCapTests.framework */; };
		9F2F398CB5A66B8421002677 /* Pods_BBCap.framework in Frameworks */ = {isa = PBXBuildFile; fileRef = AD9B565BBCA0F18627DF54C9 /* Pods_BBCap.framework */; };
		BC3269DA20941F900027A005 /* DataExt.swift in Sources */ = {isa = PBXBuildFile; fileRef = BC3269D820941DF90027A005 /* DataExt.swift */; };
		BC3269DB20941F970027A005 /* ErrorResponse.json in Resources */ = {isa = PBXBuildFile; fileRef = BC3269D620941DC70027A005 /* ErrorResponse.json */; };
		BC3269DC209424520027A005 /* Constant.swift in Sources */ = {isa = PBXBuildFile; fileRef = BC3269D1209402A40027A005 /* Constant.swift */; };
		BC627BDA2093916F007D3B78 /* ApiManagerTests.swift in Sources */ = {isa = PBXBuildFile; fileRef = BC627BD92093916F007D3B78 /* ApiManagerTests.swift */; };
		EC0105521E8F8AE000CE013D /* Assets.xcassets in Resources */ = {isa = PBXBuildFile; fileRef = EC0105401E8F8ADF00CE013D /* Assets.xcassets */; };
		EC0105541E8F8AE000CE013D /* AppDelegate.swift in Sources */ = {isa = PBXBuildFile; fileRef = EC0105441E8F8ADF00CE013D /* AppDelegate.swift */; };
		EC332A481EA0A8CB0011DF1E /* Api.swift in Sources */ = {isa = PBXBuildFile; fileRef = EC332A471EA0A8CB0011DF1E /* Api.swift */; };
		EC5337B51EF7845700ACE038 /* Color.swift in Sources */ = {isa = PBXBuildFile; fileRef = EC5337B41EF7845700ACE038 /* Color.swift */; };
		EC5337B71EF78CD800ACE038 /* App.swift in Sources */ = {isa = PBXBuildFile; fileRef = EC5337B61EF78CD800ACE038 /* App.swift */; };
		EC5337BA1EF78E4D00ACE038 /* Localizable.strings in Resources */ = {isa = PBXBuildFile; fileRef = EC5337BC1EF78E4D00ACE038 /* Localizable.strings */; };
		EC5337BE1EF78FEA00ACE038 /* Font.swift in Sources */ = {isa = PBXBuildFile; fileRef = EC5337BD1EF78FEA00ACE038 /* Font.swift */; };
		EC5337C11EF7939C00ACE038 /* TableCell.swift in Sources */ = {isa = PBXBuildFile; fileRef = EC5337C01EF7939C00ACE038 /* TableCell.swift */; };
		EC5337C31EF793B100ACE038 /* CollectionCell.swift in Sources */ = {isa = PBXBuildFile; fileRef = EC5337C21EF793B100ACE038 /* CollectionCell.swift */; };
		EC6FD30A1EF8B71200CB6642 /* DefaultsExt.swift in Sources */ = {isa = PBXBuildFile; fileRef = EC6FD3091EF8B71200CB6642 /* DefaultsExt.swift */; };
		ECC5B2CB1EF90495001A97BC /* Button.swift in Sources */ = {isa = PBXBuildFile; fileRef = ECC5B2CA1EF90495001A97BC /* Button.swift */; };
		ECC5B2CD1EF906CA001A97BC /* ViewController.swift in Sources */ = {isa = PBXBuildFile; fileRef = ECC5B2CC1EF906CA001A97BC /* ViewController.swift */; };
		ECEC0C581ED44C5D00F6760A /* String.swift in Sources */ = {isa = PBXBuildFile; fileRef = ECEC0C571ED44C5D00F6760A /* String.swift */; };
		ECEC0C5A1ED44D4100F6760A /* UIViewControllerExt.swift in Sources */ = {isa = PBXBuildFile; fileRef = ECEC0C591ED44D4100F6760A /* UIViewControllerExt.swift */; };
		ECF23AB41E9B869B008C23C1 /* ApiManager.swift in Sources */ = {isa = PBXBuildFile; fileRef = ECF23AB11E9B869B008C23C1 /* ApiManager.swift */; };
		ECF23ABA1E9B89B2008C23C1 /* RequestSerializer.swift in Sources */ = {isa = PBXBuildFile; fileRef = ECF23AB71E9B89B2008C23C1 /* RequestSerializer.swift */; };
		ECF23ABB1E9B89B2008C23C1 /* ResponseSerializer.swift in Sources */ = {isa = PBXBuildFile; fileRef = ECF23AB81E9B89B2008C23C1 /* ResponseSerializer.swift */; };
		ECF23ABE1E9B8A6A008C23C1 /* Error.swift in Sources */ = {isa = PBXBuildFile; fileRef = ECF23ABD1E9B8A6A008C23C1 /* Error.swift */; };
		ECF23AC31E9B9264008C23C1 /* StringExt.swift in Sources */ = {isa = PBXBuildFile; fileRef = ECF23AC21E9B9264008C23C1 /* StringExt.swift */; };
		F1C6352C1EF141F300D0A1A0 /* LaunchScreen.storyboard in Resources */ = {isa = PBXBuildFile; fileRef = F1C6352B1EF141F300D0A1A0 /* LaunchScreen.storyboard */; };
		FE01F20220AC7293004494E1 /* StatusBarView.swift in Sources */ = {isa = PBXBuildFile; fileRef = FE01F20120AC7293004494E1 /* StatusBarView.swift */; };
		FE1F3DB220BCE41D0013D1C8 /* API.Register.swift in Sources */ = {isa = PBXBuildFile; fileRef = FE1F3DB120BCE41D0013D1C8 /* API.Register.swift */; };
		FE1F3DB620BCFC120013D1C8 /* Session.swift in Sources */ = {isa = PBXBuildFile; fileRef = FE1F3DB520BCFC120013D1C8 /* Session.swift */; };
		FE1F3DBA20BD15580013D1C8 /* APIResigterTests.swift in Sources */ = {isa = PBXBuildFile; fileRef = FE1F3DB920BD15580013D1C8 /* APIResigterTests.swift */; };
		FE1F3DBB20BD18380013D1C8 /* ApiToken.json in Resources */ = {isa = PBXBuildFile; fileRef = FE1F3DB720BD14640013D1C8 /* ApiToken.json */; };
		FE1F3DBD20BD35A60013D1C8 /* UserDefaultsKey.swift in Sources */ = {isa = PBXBuildFile; fileRef = FE1F3DBC20BD35A60013D1C8 /* UserDefaultsKey.swift */; };
		FE3912CF20A5DD4500F31516 /* UITextFieldExt.swift in Sources */ = {isa = PBXBuildFile; fileRef = FE3912CE20A5DD4500F31516 /* UITextFieldExt.swift */; };
		FE452C5820A48AFB00FAD103 /* AddTransactionViewController.swift in Sources */ = {isa = PBXBuildFile; fileRef = FE452C5620A48AFB00FAD103 /* AddTransactionViewController.swift */; };
		FE452C5920A48AFB00FAD103 /* AddTransactionViewController.xib in Resources */ = {isa = PBXBuildFile; fileRef = FE452C5720A48AFB00FAD103 /* AddTransactionViewController.xib */; };
		FE69721C209F2A5C00C8EA68 /* DetailViewController.swift in Sources */ = {isa = PBXBuildFile; fileRef = FE69721A209F2A5C00C8EA68 /* DetailViewController.swift */; };
		FE69721D209F2A5C00C8EA68 /* DetailViewController.xib in Resources */ = {isa = PBXBuildFile; fileRef = FE69721B209F2A5C00C8EA68 /* DetailViewController.xib */; };
		FE697220209F357A00C8EA68 /* CurrencyVolumeView.swift in Sources */ = {isa = PBXBuildFile; fileRef = FE69721F209F357A00C8EA68 /* CurrencyVolumeView.swift */; };
		FE697222209F359300C8EA68 /* CurrencyVolumeView.xib in Resources */ = {isa = PBXBuildFile; fileRef = FE697221209F359300C8EA68 /* CurrencyVolumeView.xib */; };
		FE697225209F3C0900C8EA68 /* BBView.swift in Sources */ = {isa = PBXBuildFile; fileRef = FE697224209F3C0900C8EA68 /* BBView.swift */; };
		FE697229209F436A00C8EA68 /* DetailViewModel.swift in Sources */ = {isa = PBXBuildFile; fileRef = FE697228209F436A00C8EA68 /* DetailViewModel.swift */; };
		FE69722B209F480100C8EA68 /* SignedNumericExt.swift in Sources */ = {isa = PBXBuildFile; fileRef = FE69722A209F480100C8EA68 /* SignedNumericExt.swift */; };
		FE69722D209F4B7200C8EA68 /* CurrencyVolumeViewModel.swift in Sources */ = {isa = PBXBuildFile; fileRef = FE69722C209F4B7200C8EA68 /* CurrencyVolumeViewModel.swift */; };
		FE697230209F669C00C8EA68 /* DetailViewControllerTests.swift in Sources */ = {isa = PBXBuildFile; fileRef = FE69722F209F669C00C8EA68 /* DetailViewControllerTests.swift */; };
		FE697233209F704F00C8EA68 /* CurrencyVolumeViewTests.swift in Sources */ = {isa = PBXBuildFile; fileRef = FE697232209F704F00C8EA68 /* CurrencyVolumeViewTests.swift */; };
		FEAFDEE520A6E197007A3BA0 /* CreateAlertViewController.swift in Sources */ = {isa = PBXBuildFile; fileRef = FEAFDEE320A6E197007A3BA0 /* CreateAlertViewController.swift */; };
		FEAFDEE620A6E197007A3BA0 /* CreateAlertViewController.xib in Resources */ = {isa = PBXBuildFile; fileRef = FEAFDEE420A6E197007A3BA0 /* CreateAlertViewController.xib */; };
		FEAFDEE820A6EA02007A3BA0 /* CreateAlertViewModel.swift in Sources */ = {isa = PBXBuildFile; fileRef = FEAFDEE720A6EA02007A3BA0 /* CreateAlertViewModel.swift */; };
		FEB3887120C2DB5D00A46541 /* Currency.swift in Sources */ = {isa = PBXBuildFile; fileRef = FEB3887020C2DB5D00A46541 /* Currency.swift */; };
		FEB3887320C2DC4500A46541 /* API.Coinmarket.swift in Sources */ = {isa = PBXBuildFile; fileRef = FEB3887220C2DC4500A46541 /* API.Coinmarket.swift */; };
		FEB3887520C2DD6300A46541 /* DoubleExt.swift in Sources */ = {isa = PBXBuildFile; fileRef = FEB3887420C2DD6300A46541 /* DoubleExt.swift */; };
		FEB3887820C2E20100A46541 /* DetailViewModelTests.swift in Sources */ = {isa = PBXBuildFile; fileRef = FEB3887620C2E1D300A46541 /* DetailViewModelTests.swift */; };
		FED62EF4209DE96F0070ABDE /* UILabelExt.swift in Sources */ = {isa = PBXBuildFile; fileRef = FED62EF3209DE96F0070ABDE /* UILabelExt.swift */; };
		FED62EF6209DE9C30070ABDE /* Ratio.swift in Sources */ = {isa = PBXBuildFile; fileRef = FED62EF5209DE9C30070ABDE /* Ratio.swift */; };
		FED62EFB209E25360070ABDE /* TimeAxisValueFormatter.swift in Sources */ = {isa = PBXBuildFile; fileRef = FED62EFA209E25360070ABDE /* TimeAxisValueFormatter.swift */; };
/* End PBXBuildFile section */

/* Begin PBXContainerItemProxy section */
		ECCCCB2D1E7A40D10073D923 /* PBXContainerItemProxy */ = {
			isa = PBXContainerItemProxy;
			containerPortal = ECCCCB101E7A40D00073D923 /* Project object */;
			proxyType = 1;
			remoteGlobalIDString = ECCCCB171E7A40D00073D923;
			remoteInfo = MVVM;
		};
/* End PBXContainerItemProxy section */

/* Begin PBXCopyFilesBuildPhase section */
		EC01052F1E8F895300CE013D /* Embed Frameworks */ = {
			isa = PBXCopyFilesBuildPhase;
			buildActionMask = 2147483647;
			dstPath = "";
			dstSubfolderSpec = 10;
			files = (
			);
			name = "Embed Frameworks";
			runOnlyForDeploymentPostprocessing = 0;
		};
/* End PBXCopyFilesBuildPhase section */

/* Begin PBXFileReference section */
		2253864620BFB4E600B11E0B /* Main.storyboard */ = {isa = PBXFileReference; fileEncoding = 4; lastKnownFileType = file.storyboard; path = Main.storyboard; sourceTree = "<group>"; };
		2253864B20BFB4F900B11E0B /* MenuVC.xib */ = {isa = PBXFileReference; fileEncoding = 4; lastKnownFileType = file.xib; path = MenuVC.xib; sourceTree = "<group>"; };
		2253864C20BFB4F900B11E0B /* MenuVC.swift */ = {isa = PBXFileReference; fileEncoding = 4; lastKnownFileType = sourcecode.swift; path = MenuVC.swift; sourceTree = "<group>"; };
		2253864D20BFB4F900B11E0B /* MenuCell.swift */ = {isa = PBXFileReference; fileEncoding = 4; lastKnownFileType = sourcecode.swift; path = MenuCell.swift; sourceTree = "<group>"; };
		2253865120BFB53900B11E0B /* ColectionExt.swift */ = {isa = PBXFileReference; fileEncoding = 4; lastKnownFileType = sourcecode.swift; path = ColectionExt.swift; sourceTree = "<group>"; };
		2253865220BFB53900B11E0B /* RawRepresentableExt.swift */ = {isa = PBXFileReference; fileEncoding = 4; lastKnownFileType = sourcecode.swift; path = RawRepresentableExt.swift; sourceTree = "<group>"; };
		2253865320BFB53900B11E0B /* UIStoryBoardExt.swift */ = {isa = PBXFileReference; fileEncoding = 4; lastKnownFileType = sourcecode.swift; path = UIStoryBoardExt.swift; sourceTree = "<group>"; };
		2253865420BFB53900B11E0B /* CustomStringConvertibleExt.swift */ = {isa = PBXFileReference; fileEncoding = 4; lastKnownFileType = sourcecode.swift; path = CustomStringConvertibleExt.swift; sourceTree = "<group>"; };
		225EB11220C3A10E00FCF51F /* IntExt.swift */ = {isa = PBXFileReference; lastKnownFileType = sourcecode.swift; path = IntExt.swift; sourceTree = "<group>"; };
		22C3A0A520BFB97A00602CBC /* SideMenuController.swift */ = {isa = PBXFileReference; fileEncoding = 4; lastKnownFileType = sourcecode.swift; path = SideMenuController.swift; sourceTree = "<group>"; };
		22C3A0A720BFB98400602CBC /* img_banner.png */ = {isa = PBXFileReference; lastKnownFileType = image.png; path = img_banner.png; sourceTree = "<group>"; };
		22C3A0AA20BFB9BA00602CBC /* BBTabbarController.swift */ = {isa = PBXFileReference; fileEncoding = 4; lastKnownFileType = sourcecode.swift; path = BBTabbarController.swift; sourceTree = "<group>"; };
		22C3A0AD20BFBA2B00602CBC /* HomeVC.swift */ = {isa = PBXFileReference; fileEncoding = 4; lastKnownFileType = sourcecode.swift; path = HomeVC.swift; sourceTree = "<group>"; };
		22C3A0AF20C0737000602CBC /* Size.swift */ = {isa = PBXFileReference; lastKnownFileType = sourcecode.swift; path = Size.swift; sourceTree = "<group>"; };
		22C3A0B120C0746200602CBC /* btcCell.png */ = {isa = PBXFileReference; lastKnownFileType = image.png; path = btcCell.png; sourceTree = "<group>"; };
		22C3A0B420C0754C00602CBC /* HomeCell.swift */ = {isa = PBXFileReference; lastKnownFileType = sourcecode.swift; path = HomeCell.swift; sourceTree = "<group>"; };
		22C60B3020C2FBC500577688 /* UIImageViewExt.swift */ = {isa = PBXFileReference; fileEncoding = 4; lastKnownFileType = sourcecode.swift; path = UIImageViewExt.swift; sourceTree = "<group>"; };
		22C60B3220C2FBE300577688 /* Ticket.swift */ = {isa = PBXFileReference; fileEncoding = 4; lastKnownFileType = sourcecode.swift; path = Ticket.swift; sourceTree = "<group>"; };
		22C60B3320C2FBE400577688 /* GlobalInfo.swift */ = {isa = PBXFileReference; fileEncoding = 4; lastKnownFileType = sourcecode.swift; path = GlobalInfo.swift; sourceTree = "<group>"; };
		2649F5F6F87AEE8D068FE6BC /* Pods-BBCap-BBCapTests.debug.xcconfig */ = {isa = PBXFileReference; includeInIndex = 1; lastKnownFileType = text.xcconfig; name = "Pods-BBCap-BBCapTests.debug.xcconfig"; path = "Pods/Target Support Files/Pods-BBCap-BBCapTests/Pods-BBCap-BBCapTests.debug.xcconfig"; sourceTree = "<group>"; };
		40E9C3B2D9F3914160F6E978 /* Pods_BBCap.framework */ = {isa = PBXFileReference; explicitFileType = wrapper.framework; includeInIndex = 0; path = Pods_BBCap.framework; sourceTree = BUILT_PRODUCTS_DIR; };
		74BCDA5E3E13E3D93995831F /* Pods-BBCap.release.xcconfig */ = {isa = PBXFileReference; includeInIndex = 1; lastKnownFileType = text.xcconfig; name = "Pods-BBCap.release.xcconfig"; path = "Pods/Target Support Files/Pods-BBCap/Pods-BBCap.release.xcconfig"; sourceTree = "<group>"; };
		75C26C3F00634F7753D874C5 /* Pods-BBCap.debug.xcconfig */ = {isa = PBXFileReference; includeInIndex = 1; lastKnownFileType = text.xcconfig; name = "Pods-BBCap.debug.xcconfig"; path = "Pods/Target Support Files/Pods-BBCap/Pods-BBCap.debug.xcconfig"; sourceTree = "<group>"; };
		AD9B565BBCA0F18627DF54C9 /* Pods_BBCap.framework */ = {isa = PBXFileReference; explicitFileType = wrapper.framework; includeInIndex = 0; path = Pods_BBCap.framework; sourceTree = BUILT_PRODUCTS_DIR; };
		BC3269D1209402A40027A005 /* Constant.swift */ = {isa = PBXFileReference; lastKnownFileType = sourcecode.swift; path = Constant.swift; sourceTree = "<group>"; };
		BC3269D620941DC70027A005 /* ErrorResponse.json */ = {isa = PBXFileReference; lastKnownFileType = text.json; path = ErrorResponse.json; sourceTree = "<group>"; };
		BC3269D820941DF90027A005 /* DataExt.swift */ = {isa = PBXFileReference; lastKnownFileType = sourcecode.swift; path = DataExt.swift; sourceTree = "<group>"; };
		BC627BD92093916F007D3B78 /* ApiManagerTests.swift */ = {isa = PBXFileReference; lastKnownFileType = sourcecode.swift; path = ApiManagerTests.swift; sourceTree = "<group>"; };
		BF0AAB766BC2EED83274D0DA /* Pods_BBCap_BBCapTests.framework */ = {isa = PBXFileReference; explicitFileType = wrapper.framework; includeInIndex = 0; path = Pods_BBCap_BBCapTests.framework; sourceTree = BUILT_PRODUCTS_DIR; };
		C3BAF8593FF6B11A7542C9D0 /* Pods-BBCap-BBCapTests.staging.xcconfig */ = {isa = PBXFileReference; includeInIndex = 1; lastKnownFileType = text.xcconfig; name = "Pods-BBCap-BBCapTests.staging.xcconfig"; path = "Pods/Target Support Files/Pods-BBCap-BBCapTests/Pods-BBCap-BBCapTests.staging.xcconfig"; sourceTree = "<group>"; };
		C67210EC0CCE469826105D1B /* Pods-BBCap-BBCapTests.release.xcconfig */ = {isa = PBXFileReference; includeInIndex = 1; lastKnownFileType = text.xcconfig; name = "Pods-BBCap-BBCapTests.release.xcconfig"; path = "Pods/Target Support Files/Pods-BBCap-BBCapTests/Pods-BBCap-BBCapTests.release.xcconfig"; sourceTree = "<group>"; };
		D8AAC03CF0945B98E69CC88E /* Pods_BBCap_BBCapTests.framework */ = {isa = PBXFileReference; explicitFileType = wrapper.framework; includeInIndex = 0; path = Pods_BBCap_BBCapTests.framework; sourceTree = BUILT_PRODUCTS_DIR; };
		EB741642CD7BB86408F91AAB /* Pods-BBCap.staging.xcconfig */ = {isa = PBXFileReference; includeInIndex = 1; lastKnownFileType = text.xcconfig; name = "Pods-BBCap.staging.xcconfig"; path = "Pods/Target Support Files/Pods-BBCap/Pods-BBCap.staging.xcconfig"; sourceTree = "<group>"; };
		EC0105401E8F8ADF00CE013D /* Assets.xcassets */ = {isa = PBXFileReference; lastKnownFileType = folder.assetcatalog; path = Assets.xcassets; sourceTree = "<group>"; };
		EC0105421E8F8ADF00CE013D /* Info.plist */ = {isa = PBXFileReference; fileEncoding = 4; lastKnownFileType = text.plist.xml; path = Info.plist; sourceTree = "<group>"; };
		EC0105441E8F8ADF00CE013D /* AppDelegate.swift */ = {isa = PBXFileReference; fileEncoding = 4; lastKnownFileType = sourcecode.swift; path = AppDelegate.swift; sourceTree = "<group>"; };
		EC01055C1E8F8AF000CE013D /* Info.plist */ = {isa = PBXFileReference; fileEncoding = 4; lastKnownFileType = text.plist.xml; path = Info.plist; sourceTree = "<group>"; };
		EC332A471EA0A8CB0011DF1E /* Api.swift */ = {isa = PBXFileReference; fileEncoding = 4; lastKnownFileType = sourcecode.swift; path = Api.swift; sourceTree = "<group>"; };
		EC5337B41EF7845700ACE038 /* Color.swift */ = {isa = PBXFileReference; fileEncoding = 4; lastKnownFileType = sourcecode.swift; path = Color.swift; sourceTree = "<group>"; };
		EC5337B61EF78CD800ACE038 /* App.swift */ = {isa = PBXFileReference; fileEncoding = 4; lastKnownFileType = sourcecode.swift; path = App.swift; sourceTree = "<group>"; };
		EC5337BB1EF78E4D00ACE038 /* Base */ = {isa = PBXFileReference; lastKnownFileType = text.plist.strings; name = Base; path = Base.lproj/Localizable.strings; sourceTree = "<group>"; };
		EC5337BD1EF78FEA00ACE038 /* Font.swift */ = {isa = PBXFileReference; fileEncoding = 4; lastKnownFileType = sourcecode.swift; path = Font.swift; sourceTree = "<group>"; };
		EC5337C01EF7939C00ACE038 /* TableCell.swift */ = {isa = PBXFileReference; fileEncoding = 4; lastKnownFileType = sourcecode.swift; path = TableCell.swift; sourceTree = "<group>"; };
		EC5337C21EF793B100ACE038 /* CollectionCell.swift */ = {isa = PBXFileReference; fileEncoding = 4; lastKnownFileType = sourcecode.swift; path = CollectionCell.swift; sourceTree = "<group>"; };
		EC6FD3091EF8B71200CB6642 /* DefaultsExt.swift */ = {isa = PBXFileReference; fileEncoding = 4; lastKnownFileType = sourcecode.swift; path = DefaultsExt.swift; sourceTree = "<group>"; };
		ECC5B2CA1EF90495001A97BC /* Button.swift */ = {isa = PBXFileReference; fileEncoding = 4; lastKnownFileType = sourcecode.swift; path = Button.swift; sourceTree = "<group>"; };
		ECC5B2CC1EF906CA001A97BC /* ViewController.swift */ = {isa = PBXFileReference; fileEncoding = 4; lastKnownFileType = sourcecode.swift; path = ViewController.swift; sourceTree = "<group>"; };
		ECCCCB181E7A40D00073D923 /* BBCap.app */ = {isa = PBXFileReference; explicitFileType = wrapper.application; includeInIndex = 0; path = BBCap.app; sourceTree = BUILT_PRODUCTS_DIR; };
		ECCCCB2C1E7A40D10073D923 /* BBCapTests.xctest */ = {isa = PBXFileReference; explicitFileType = wrapper.cfbundle; includeInIndex = 0; path = BBCapTests.xctest; sourceTree = BUILT_PRODUCTS_DIR; };
		ECEC0C571ED44C5D00F6760A /* String.swift */ = {isa = PBXFileReference; fileEncoding = 4; lastKnownFileType = sourcecode.swift; path = String.swift; sourceTree = "<group>"; };
		ECEC0C591ED44D4100F6760A /* UIViewControllerExt.swift */ = {isa = PBXFileReference; fileEncoding = 4; lastKnownFileType = sourcecode.swift; path = UIViewControllerExt.swift; sourceTree = "<group>"; };
		ECF23AB11E9B869B008C23C1 /* ApiManager.swift */ = {isa = PBXFileReference; fileEncoding = 4; lastKnownFileType = sourcecode.swift; path = ApiManager.swift; sourceTree = "<group>"; };
		ECF23AB71E9B89B2008C23C1 /* RequestSerializer.swift */ = {isa = PBXFileReference; fileEncoding = 4; lastKnownFileType = sourcecode.swift; path = RequestSerializer.swift; sourceTree = "<group>"; };
		ECF23AB81E9B89B2008C23C1 /* ResponseSerializer.swift */ = {isa = PBXFileReference; fileEncoding = 4; lastKnownFileType = sourcecode.swift; path = ResponseSerializer.swift; sourceTree = "<group>"; };
		ECF23ABD1E9B8A6A008C23C1 /* Error.swift */ = {isa = PBXFileReference; fileEncoding = 4; lastKnownFileType = sourcecode.swift; path = Error.swift; sourceTree = "<group>"; };
		ECF23AC21E9B9264008C23C1 /* StringExt.swift */ = {isa = PBXFileReference; fileEncoding = 4; lastKnownFileType = sourcecode.swift; path = StringExt.swift; sourceTree = "<group>"; };
		F1C6352B1EF141F300D0A1A0 /* LaunchScreen.storyboard */ = {isa = PBXFileReference; fileEncoding = 4; lastKnownFileType = file.storyboard; path = LaunchScreen.storyboard; sourceTree = "<group>"; };
		FE01F20120AC7293004494E1 /* StatusBarView.swift */ = {isa = PBXFileReference; lastKnownFileType = sourcecode.swift; path = StatusBarView.swift; sourceTree = "<group>"; };
		FE1F3DB120BCE41D0013D1C8 /* API.Register.swift */ = {isa = PBXFileReference; lastKnownFileType = sourcecode.swift; path = API.Register.swift; sourceTree = "<group>"; };
		FE1F3DB520BCFC120013D1C8 /* Session.swift */ = {isa = PBXFileReference; lastKnownFileType = sourcecode.swift; path = Session.swift; sourceTree = "<group>"; };
		FE1F3DB720BD14640013D1C8 /* ApiToken.json */ = {isa = PBXFileReference; lastKnownFileType = text.json; path = ApiToken.json; sourceTree = "<group>"; };
		FE1F3DB920BD15580013D1C8 /* APIResigterTests.swift */ = {isa = PBXFileReference; lastKnownFileType = sourcecode.swift; path = APIResigterTests.swift; sourceTree = "<group>"; };
		FE1F3DBC20BD35A60013D1C8 /* UserDefaultsKey.swift */ = {isa = PBXFileReference; lastKnownFileType = sourcecode.swift; path = UserDefaultsKey.swift; sourceTree = "<group>"; };
		FE3912CE20A5DD4500F31516 /* UITextFieldExt.swift */ = {isa = PBXFileReference; lastKnownFileType = sourcecode.swift; path = UITextFieldExt.swift; sourceTree = "<group>"; };
		FE452C5620A48AFB00FAD103 /* AddTransactionViewController.swift */ = {isa = PBXFileReference; lastKnownFileType = sourcecode.swift; path = AddTransactionViewController.swift; sourceTree = "<group>"; };
		FE452C5720A48AFB00FAD103 /* AddTransactionViewController.xib */ = {isa = PBXFileReference; lastKnownFileType = file.xib; path = AddTransactionViewController.xib; sourceTree = "<group>"; };
		FE69721A209F2A5C00C8EA68 /* DetailViewController.swift */ = {isa = PBXFileReference; fileEncoding = 4; lastKnownFileType = sourcecode.swift; path = DetailViewController.swift; sourceTree = "<group>"; };
		FE69721B209F2A5C00C8EA68 /* DetailViewController.xib */ = {isa = PBXFileReference; fileEncoding = 4; lastKnownFileType = file.xib; path = DetailViewController.xib; sourceTree = "<group>"; };
		FE69721F209F357A00C8EA68 /* CurrencyVolumeView.swift */ = {isa = PBXFileReference; lastKnownFileType = sourcecode.swift; path = CurrencyVolumeView.swift; sourceTree = "<group>"; };
		FE697221209F359300C8EA68 /* CurrencyVolumeView.xib */ = {isa = PBXFileReference; lastKnownFileType = file.xib; path = CurrencyVolumeView.xib; sourceTree = "<group>"; };
		FE697224209F3C0900C8EA68 /* BBView.swift */ = {isa = PBXFileReference; lastKnownFileType = sourcecode.swift; path = BBView.swift; sourceTree = "<group>"; };
		FE697228209F436A00C8EA68 /* DetailViewModel.swift */ = {isa = PBXFileReference; lastKnownFileType = sourcecode.swift; path = DetailViewModel.swift; sourceTree = "<group>"; };
		FE69722A209F480100C8EA68 /* SignedNumericExt.swift */ = {isa = PBXFileReference; lastKnownFileType = sourcecode.swift; path = SignedNumericExt.swift; sourceTree = "<group>"; };
		FE69722C209F4B7200C8EA68 /* CurrencyVolumeViewModel.swift */ = {isa = PBXFileReference; lastKnownFileType = sourcecode.swift; path = CurrencyVolumeViewModel.swift; sourceTree = "<group>"; };
		FE69722F209F669C00C8EA68 /* DetailViewControllerTests.swift */ = {isa = PBXFileReference; lastKnownFileType = sourcecode.swift; path = DetailViewControllerTests.swift; sourceTree = "<group>"; };
		FE697232209F704F00C8EA68 /* CurrencyVolumeViewTests.swift */ = {isa = PBXFileReference; lastKnownFileType = sourcecode.swift; path = CurrencyVolumeViewTests.swift; sourceTree = "<group>"; };
		FEAFDEE320A6E197007A3BA0 /* CreateAlertViewController.swift */ = {isa = PBXFileReference; lastKnownFileType = sourcecode.swift; path = CreateAlertViewController.swift; sourceTree = "<group>"; };
		FEAFDEE420A6E197007A3BA0 /* CreateAlertViewController.xib */ = {isa = PBXFileReference; lastKnownFileType = file.xib; path = CreateAlertViewController.xib; sourceTree = "<group>"; };
		FEAFDEE720A6EA02007A3BA0 /* CreateAlertViewModel.swift */ = {isa = PBXFileReference; lastKnownFileType = sourcecode.swift; path = CreateAlertViewModel.swift; sourceTree = "<group>"; };
		FEB3887020C2DB5D00A46541 /* Currency.swift */ = {isa = PBXFileReference; lastKnownFileType = sourcecode.swift; path = Currency.swift; sourceTree = "<group>"; };
		FEB3887220C2DC4500A46541 /* API.Coinmarket.swift */ = {isa = PBXFileReference; fileEncoding = 4; lastKnownFileType = sourcecode.swift; path = API.Coinmarket.swift; sourceTree = "<group>"; };
		FEB3887420C2DD6300A46541 /* DoubleExt.swift */ = {isa = PBXFileReference; lastKnownFileType = sourcecode.swift; path = DoubleExt.swift; sourceTree = "<group>"; };
		FEB3887620C2E1D300A46541 /* DetailViewModelTests.swift */ = {isa = PBXFileReference; fileEncoding = 4; lastKnownFileType = sourcecode.swift; path = DetailViewModelTests.swift; sourceTree = "<group>"; };
		FED62EF3209DE96F0070ABDE /* UILabelExt.swift */ = {isa = PBXFileReference; lastKnownFileType = sourcecode.swift; path = UILabelExt.swift; sourceTree = "<group>"; };
		FED62EF5209DE9C30070ABDE /* Ratio.swift */ = {isa = PBXFileReference; lastKnownFileType = sourcecode.swift; path = Ratio.swift; sourceTree = "<group>"; };
		FED62EFA209E25360070ABDE /* TimeAxisValueFormatter.swift */ = {isa = PBXFileReference; fileEncoding = 4; lastKnownFileType = sourcecode.swift; path = TimeAxisValueFormatter.swift; sourceTree = "<group>"; };
/* End PBXFileReference section */

/* Begin PBXFrameworksBuildPhase section */
		ECCCCB151E7A40D00073D923 /* Frameworks */ = {
			isa = PBXFrameworksBuildPhase;
			buildActionMask = 2147483647;
			files = (
				57E497D821F650E126AD586C /* Pods_BBCap.framework in Frameworks */,
				9F2F398CB5A66B8421002677 /* Pods_BBCap.framework in Frameworks */,
			);
			runOnlyForDeploymentPostprocessing = 0;
		};
		ECCCCB291E7A40D10073D923 /* Frameworks */ = {
			isa = PBXFrameworksBuildPhase;
			buildActionMask = 2147483647;
			files = (
				6E1AEE880A5F5145BCAA9FDF /* Pods_BBCap_BBCapTests.framework in Frameworks */,
				8565AB4487D42A3CCDE80200 /* Pods_BBCap_BBCapTests.framework in Frameworks */,
			);
			runOnlyForDeploymentPostprocessing = 0;
		};
/* End PBXFrameworksBuildPhase section */

/* Begin PBXGroup section */
		2253864A20BFB4F900B11E0B /* Menu */ = {
			isa = PBXGroup;
			children = (
				2253864B20BFB4F900B11E0B /* MenuVC.xib */,
				2253864C20BFB4F900B11E0B /* MenuVC.swift */,
				2253864D20BFB4F900B11E0B /* MenuCell.swift */,
			);
			path = Menu;
			sourceTree = "<group>";
		};
		22C3A0A920BFB9BA00602CBC /* Tabbar */ = {
			isa = PBXGroup;
			children = (
				22C3A0AA20BFB9BA00602CBC /* BBTabbarController.swift */,
			);
			path = Tabbar;
			sourceTree = "<group>";
		};
		22C3A0AC20BFBA2B00602CBC /* M01-0 */ = {
			isa = PBXGroup;
			children = (
				22C3A0B320C0751200602CBC /* Cell */,
				22C3A0AD20BFBA2B00602CBC /* HomeVC.swift */,
			);
			path = "M01-0";
			sourceTree = "<group>";
		};
		22C3A0B320C0751200602CBC /* Cell */ = {
			isa = PBXGroup;
			children = (
				22C3A0B420C0754C00602CBC /* HomeCell.swift */,
			);
			path = Cell;
			sourceTree = "<group>";
		};
		60B550C083ADD72F4D2D53AA /* Pods */ = {
			isa = PBXGroup;
			children = (
				75C26C3F00634F7753D874C5 /* Pods-BBCap.debug.xcconfig */,
				74BCDA5E3E13E3D93995831F /* Pods-BBCap.release.xcconfig */,
				EB741642CD7BB86408F91AAB /* Pods-BBCap.staging.xcconfig */,
				2649F5F6F87AEE8D068FE6BC /* Pods-BBCap-BBCapTests.debug.xcconfig */,
				C67210EC0CCE469826105D1B /* Pods-BBCap-BBCapTests.release.xcconfig */,
				C3BAF8593FF6B11A7542C9D0 /* Pods-BBCap-BBCapTests.staging.xcconfig */,
			);
			name = Pods;
			sourceTree = "<group>";
		};
		BC3269D0209402670027A005 /* Helpers */ = {
			isa = PBXGroup;
			children = (
				BC3269D1209402A40027A005 /* Constant.swift */,
				BC3269D820941DF90027A005 /* DataExt.swift */,
			);
			path = Helpers;
			sourceTree = "<group>";
		};
		BC3269D320941D5F0027A005 /* FakeData */ = {
			isa = PBXGroup;
			children = (
				BC3269D620941DC70027A005 /* ErrorResponse.json */,
				FE1F3DB720BD14640013D1C8 /* ApiToken.json */,
			);
			path = FakeData;
			sourceTree = "<group>";
		};
		BC627BD720939126007D3B78 /* Api */ = {
			isa = PBXGroup;
			children = (
				BC627BD82093912B007D3B78 /* Core */,
			);
			path = Api;
			sourceTree = "<group>";
		};
		BC627BD82093912B007D3B78 /* Core */ = {
			isa = PBXGroup;
			children = (
				BC627BD92093916F007D3B78 /* ApiManagerTests.swift */,
				FE1F3DB920BD15580013D1C8 /* APIResigterTests.swift */,
			);
			path = Core;
			sourceTree = "<group>";
		};
		E7A23BB3FDC7E19F0663DF69 /* Frameworks */ = {
			isa = PBXGroup;
			children = (
				40E9C3B2D9F3914160F6E978 /* Pods_BBCap.framework */,
				BF0AAB766BC2EED83274D0DA /* Pods_BBCap_BBCapTests.framework */,
				AD9B565BBCA0F18627DF54C9 /* Pods_BBCap.framework */,
				D8AAC03CF0945B98E69CC88E /* Pods_BBCap_BBCapTests.framework */,
			);
			name = Frameworks;
			sourceTree = "<group>";
		};
		EC0105381E8F8ADF00CE013D /* BBCap */ = {
			isa = PBXGroup;
			children = (
				EC01053D1E8F8ADF00CE013D /* Define */,
				EC0105431E8F8ADF00CE013D /* View */,
				ECF23A951E9B8503008C23C1 /* Model */,
				ECF23AC01E9B9253008C23C1 /* Library */,
				EC01053F1E8F8ADF00CE013D /* Resources */,
				EC0105411E8F8ADF00CE013D /* Supports */,
			);
			path = BBCap;
			sourceTree = "<group>";
		};
		EC01053D1E8F8ADF00CE013D /* Define */ = {
			isa = PBXGroup;
			children = (
				EC5337B61EF78CD800ACE038 /* App.swift */,
				22C3A0AF20C0737000602CBC /* Size.swift */,
				EC5337B41EF7845700ACE038 /* Color.swift */,
				EC5337BD1EF78FEA00ACE038 /* Font.swift */,
				ECEC0C571ED44C5D00F6760A /* String.swift */,
				FE1F3DBC20BD35A60013D1C8 /* UserDefaultsKey.swift */,
			);
			path = Define;
			sourceTree = "<group>";
		};
		EC01053F1E8F8ADF00CE013D /* Resources */ = {
			isa = PBXGroup;
			children = (
				EC0105401E8F8ADF00CE013D /* Assets.xcassets */,
				EC5337BC1EF78E4D00ACE038 /* Localizable.strings */,
			);
			path = Resources;
			sourceTree = "<group>";
		};
		EC0105411E8F8ADF00CE013D /* Supports */ = {
			isa = PBXGroup;
			children = (
				EC0105421E8F8ADF00CE013D /* Info.plist */,
			);
			path = Supports;
			sourceTree = "<group>";
		};
		EC0105431E8F8ADF00CE013D /* View */ = {
			isa = PBXGroup;
			children = (
				EC0105441E8F8ADF00CE013D /* AppDelegate.swift */,
				EC5337BF1EF7933A00ACE038 /* Base */,
				FED62EF7209E25070070ABDE /* Control */,
				22C3A0AC20BFBA2B00602CBC /* M01-0 */,
				FE452C5420A48AC600FAD103 /* M01-1-1-AddTransactionVC */,
				FEAFDEE220A6E14A007A3BA0 /* M01-1-2-CreateAlertVC */,
				FE697219209F2A5C00C8EA68 /* M01-1-DetailVC */,
				2253864A20BFB4F900B11E0B /* Menu */,
				F1C6352A1EF141F300D0A1A0 /* Storyboard */,
				22C3A0A920BFB9BA00602CBC /* Tabbar */,
			);
			path = View;
			sourceTree = "<group>";
		};
		EC01055B1E8F8AF000CE013D /* MyAppTests */ = {
			isa = PBXGroup;
			children = (
				BC3269D320941D5F0027A005 /* FakeData */,
				BC3269D0209402670027A005 /* Helpers */,
				BC627BD720939126007D3B78 /* Api */,
				EC01055C1E8F8AF000CE013D /* Info.plist */,
				ECC3B1B51EC1701A001345C6 /* View */,
				ECC3B1BB1EC17025001345C6 /* ViewModel */,
			);
			path = MyAppTests;
			sourceTree = "<group>";
		};
		EC5337BF1EF7933A00ACE038 /* Base */ = {
			isa = PBXGroup;
			children = (
				22C3A0A520BFB97A00602CBC /* SideMenuController.swift */,
				EC5337C01EF7939C00ACE038 /* TableCell.swift */,
				EC5337C21EF793B100ACE038 /* CollectionCell.swift */,
				ECC5B2CA1EF90495001A97BC /* Button.swift */,
				ECC5B2CC1EF906CA001A97BC /* ViewController.swift */,
				FE01F20120AC7293004494E1 /* StatusBarView.swift */,
			);
			path = Base;
			sourceTree = "<group>";
		};
		ECC3B1B51EC1701A001345C6 /* View */ = {
			isa = PBXGroup;
			children = (
				FE69722E209F667F00C8EA68 /* M01-1-DetailVC */,
			);
			path = View;
			sourceTree = "<group>";
		};
		ECC3B1BB1EC17025001345C6 /* ViewModel */ = {
			isa = PBXGroup;
			children = (
			);
			path = ViewModel;
			sourceTree = "<group>";
		};
		ECCCCB0F1E7A40D00073D923 = {
			isa = PBXGroup;
			children = (
				22C3A0A720BFB98400602CBC /* img_banner.png */,
				22C3A0B120C0746200602CBC /* btcCell.png */,
				EC0105381E8F8ADF00CE013D /* BBCap */,
				EC01055B1E8F8AF000CE013D /* MyAppTests */,
				ECCCCB191E7A40D00073D923 /* Products */,
				60B550C083ADD72F4D2D53AA /* Pods */,
				E7A23BB3FDC7E19F0663DF69 /* Frameworks */,
			);
			sourceTree = "<group>";
		};
		ECCCCB191E7A40D00073D923 /* Products */ = {
			isa = PBXGroup;
			children = (
				ECCCCB181E7A40D00073D923 /* BBCap.app */,
				ECCCCB2C1E7A40D10073D923 /* BBCapTests.xctest */,
			);
			name = Products;
			sourceTree = "<group>";
		};
		ECF23A951E9B8503008C23C1 /* Model */ = {
			isa = PBXGroup;
			children = (
				ECF23AAF1E9B869B008C23C1 /* API */,
				ECF23AA31E9B8586008C23C1 /* Schema */,
				FE1F3DB520BCFC120013D1C8 /* Session.swift */,
			);
			path = Model;
			sourceTree = "<group>";
		};
		ECF23AA31E9B8586008C23C1 /* Schema */ = {
			isa = PBXGroup;
			children = (
				22C60B3220C2FBE300577688 /* Ticket.swift */,
				22C60B3320C2FBE400577688 /* GlobalInfo.swift */,
				FEB3887020C2DB5D00A46541 /* Currency.swift */,
				FED62EF5209DE9C30070ABDE /* Ratio.swift */,
			);
			path = Schema;
			sourceTree = "<group>";
		};
		ECF23AAF1E9B869B008C23C1 /* API */ = {
			isa = PBXGroup;
			children = (
				FEB3887220C2DC4500A46541 /* API.Coinmarket.swift */,
				FE1F3DB120BCE41D0013D1C8 /* API.Register.swift */,
				ECF23AB01E9B869B008C23C1 /* Core */,
			);
			path = API;
			sourceTree = "<group>";
		};
		ECF23AB01E9B869B008C23C1 /* Core */ = {
			isa = PBXGroup;
			children = (
				EC332A471EA0A8CB0011DF1E /* Api.swift */,
				ECF23AB11E9B869B008C23C1 /* ApiManager.swift */,
				ECF23ABD1E9B8A6A008C23C1 /* Error.swift */,
				ECF23AB71E9B89B2008C23C1 /* RequestSerializer.swift */,
				ECF23AB81E9B89B2008C23C1 /* ResponseSerializer.swift */,
			);
			path = Core;
			sourceTree = "<group>";
		};
		ECF23AC01E9B9253008C23C1 /* Library */ = {
			isa = PBXGroup;
			children = (
				ECF23AC11E9B9253008C23C1 /* Ext */,
			);
			path = Library;
			sourceTree = "<group>";
		};
		ECF23AC11E9B9253008C23C1 /* Ext */ = {
			isa = PBXGroup;
			children = (
				22C60B3020C2FBC500577688 /* UIImageViewExt.swift */,
				2253865120BFB53900B11E0B /* ColectionExt.swift */,
				2253865420BFB53900B11E0B /* CustomStringConvertibleExt.swift */,
				EC6FD3091EF8B71200CB6642 /* DefaultsExt.swift */,
				FEB3887420C2DD6300A46541 /* DoubleExt.swift */,
				2253865220BFB53900B11E0B /* RawRepresentableExt.swift */,
				FE69722A209F480100C8EA68 /* SignedNumericExt.swift */,
				ECF23AC21E9B9264008C23C1 /* StringExt.swift */,
				FED62EF3209DE96F0070ABDE /* UILabelExt.swift */,
				2253865320BFB53900B11E0B /* UIStoryBoardExt.swift */,
				FE3912CE20A5DD4500F31516 /* UITextFieldExt.swift */,
				ECEC0C591ED44D4100F6760A /* UIViewControllerExt.swift */,
				225EB11220C3A10E00FCF51F /* IntExt.swift */,
			);
			path = Ext;
			sourceTree = "<group>";
		};
		F1C6352A1EF141F300D0A1A0 /* Storyboard */ = {
			isa = PBXGroup;
			children = (
				2253864620BFB4E600B11E0B /* Main.storyboard */,
				F1C6352B1EF141F300D0A1A0 /* LaunchScreen.storyboard */,
			);
			path = Storyboard;
			sourceTree = "<group>";
		};
		FE452C5420A48AC600FAD103 /* M01-1-1-AddTransactionVC */ = {
			isa = PBXGroup;
			children = (
				FE452C5620A48AFB00FAD103 /* AddTransactionViewController.swift */,
				FE452C5720A48AFB00FAD103 /* AddTransactionViewController.xib */,
			);
			path = "M01-1-1-AddTransactionVC";
			sourceTree = "<group>";
		};
		FE697219209F2A5C00C8EA68 /* M01-1-DetailVC */ = {
			isa = PBXGroup;
			children = (
				FE69721E209F355800C8EA68 /* CurrencyVolume */,
				FE69721A209F2A5C00C8EA68 /* DetailViewController.swift */,
				FE69721B209F2A5C00C8EA68 /* DetailViewController.xib */,
				FE697228209F436A00C8EA68 /* DetailViewModel.swift */,
			);
			path = "M01-1-DetailVC";
			sourceTree = "<group>";
		};
		FE69721E209F355800C8EA68 /* CurrencyVolume */ = {
			isa = PBXGroup;
			children = (
				FE69721F209F357A00C8EA68 /* CurrencyVolumeView.swift */,
				FE697221209F359300C8EA68 /* CurrencyVolumeView.xib */,
				FE69722C209F4B7200C8EA68 /* CurrencyVolumeViewModel.swift */,
			);
			path = CurrencyVolume;
			sourceTree = "<group>";
		};
		FE697223209F3BF800C8EA68 /* BBView */ = {
			isa = PBXGroup;
			children = (
				FE697224209F3C0900C8EA68 /* BBView.swift */,
			);
			path = BBView;
			sourceTree = "<group>";
		};
		FE69722E209F667F00C8EA68 /* M01-1-DetailVC */ = {
			isa = PBXGroup;
			children = (
				FE697231209F6EB700C8EA68 /* CurrencyVolume */,
				FE69722F209F669C00C8EA68 /* DetailViewControllerTests.swift */,
				FEB3887620C2E1D300A46541 /* DetailViewModelTests.swift */,
			);
			path = "M01-1-DetailVC";
			sourceTree = "<group>";
		};
		FE697231209F6EB700C8EA68 /* CurrencyVolume */ = {
			isa = PBXGroup;
			children = (
				FE697232209F704F00C8EA68 /* CurrencyVolumeViewTests.swift */,
			);
			path = CurrencyVolume;
			sourceTree = "<group>";
		};
		FEAFDEE220A6E14A007A3BA0 /* M01-1-2-CreateAlertVC */ = {
			isa = PBXGroup;
			children = (
				FEAFDEE320A6E197007A3BA0 /* CreateAlertViewController.swift */,
				FEAFDEE420A6E197007A3BA0 /* CreateAlertViewController.xib */,
				FEAFDEE720A6EA02007A3BA0 /* CreateAlertViewModel.swift */,
			);
			path = "M01-1-2-CreateAlertVC";
			sourceTree = "<group>";
		};
		FED62EF7209E25070070ABDE /* Control */ = {
			isa = PBXGroup;
			children = (
				FE697223209F3BF800C8EA68 /* BBView */,
				FED62EFA209E25360070ABDE /* TimeAxisValueFormatter.swift */,
			);
			path = Control;
			sourceTree = "<group>";
		};
/* End PBXGroup section */

/* Begin PBXNativeTarget section */
		ECCCCB171E7A40D00073D923 /* BBCap */ = {
			isa = PBXNativeTarget;
			buildConfigurationList = ECCCCB351E7A40D10073D923 /* Build configuration list for PBXNativeTarget "BBCap" */;
			buildPhases = (
				B0E09827A261C794A6F031AA /* [CP] Check Pods Manifest.lock */,
				EC8C6FF51ECAF27D00C52F7A /* SwiftLint */,
				ECCCCB141E7A40D00073D923 /* Sources */,
				ECCCCB151E7A40D00073D923 /* Frameworks */,
				ECCCCB161E7A40D00073D923 /* Resources */,
				EC01052F1E8F895300CE013D /* Embed Frameworks */,
				79CBD9B0F57401E1D3406AE2 /* [CP] Embed Pods Frameworks */,
				DD6072EC3BDAA567430E4EC2 /* [CP] Copy Pods Resources */,
				091A81515C91FC18485288EA /* [CP] Copy Pods Resources */,
				FEAFDEE120A6D12A007A3BA0 /* ShellScript */,
			);
			buildRules = (
			);
			dependencies = (
			);
			name = BBCap;
			productName = MVVM;
			productReference = ECCCCB181E7A40D00073D923 /* BBCap.app */;
			productType = "com.apple.product-type.application";
		};
		ECCCCB2B1E7A40D10073D923 /* BBCapTests */ = {
			isa = PBXNativeTarget;
			buildConfigurationList = ECCCCB381E7A40D10073D923 /* Build configuration list for PBXNativeTarget "BBCapTests" */;
			buildPhases = (
				BB48CAD8894F6F7352250348 /* [CP] Check Pods Manifest.lock */,
				ECCCCB281E7A40D10073D923 /* Sources */,
				ECCCCB291E7A40D10073D923 /* Frameworks */,
				ECCCCB2A1E7A40D10073D923 /* Resources */,
				48A7389C5C639B0D512174B4 /* [CP] Embed Pods Frameworks */,
				17F93B310A53FC5663992E9F /* [CP] Copy Pods Resources */,
				2D2897798DCEF02DFA521A7F /* [CP] Copy Pods Resources */,
			);
			buildRules = (
			);
			dependencies = (
				ECCCCB2E1E7A40D10073D923 /* PBXTargetDependency */,
			);
			name = BBCapTests;
			productName = MVVMTests;
			productReference = ECCCCB2C1E7A40D10073D923 /* BBCapTests.xctest */;
			productType = "com.apple.product-type.bundle.unit-test";
		};
/* End PBXNativeTarget section */

/* Begin PBXProject section */
		ECCCCB101E7A40D00073D923 /* Project object */ = {
			isa = PBXProject;
			attributes = {
				LastSwiftUpdateCheck = 0820;
				LastUpgradeCheck = 0910;
				ORGANIZATIONNAME = "Asian Tech Co., Ltd.";
				TargetAttributes = {
					ECCCCB171E7A40D00073D923 = {
						CreatedOnToolsVersion = 8.2;
						ProvisioningStyle = Automatic;
					};
					ECCCCB2B1E7A40D10073D923 = {
						CreatedOnToolsVersion = 8.2;
						LastSwiftMigration = 0920;
						ProvisioningStyle = Automatic;
						TestTargetID = ECCCCB171E7A40D00073D923;
					};
				};
			};
			buildConfigurationList = ECCCCB131E7A40D00073D923 /* Build configuration list for PBXProject "BBCap" */;
			compatibilityVersion = "Xcode 3.2";
			developmentRegion = English;
			hasScannedForEncodings = 0;
			knownRegions = (
				en,
				Base,
			);
			mainGroup = ECCCCB0F1E7A40D00073D923;
			productRefGroup = ECCCCB191E7A40D00073D923 /* Products */;
			projectDirPath = "";
			projectRoot = "";
			targets = (
				ECCCCB171E7A40D00073D923 /* BBCap */,
				ECCCCB2B1E7A40D10073D923 /* BBCapTests */,
			);
		};
/* End PBXProject section */

/* Begin PBXResourcesBuildPhase section */
		ECCCCB161E7A40D00073D923 /* Resources */ = {
			isa = PBXResourcesBuildPhase;
			buildActionMask = 2147483647;
			files = (
				FE452C5920A48AFB00FAD103 /* AddTransactionViewController.xib in Resources */,
				22C3A0A820BFB98400602CBC /* img_banner.png in Resources */,
				FE697222209F359300C8EA68 /* CurrencyVolumeView.xib in Resources */,
				22C3A0B220C0746200602CBC /* btcCell.png in Resources */,
				EC0105521E8F8AE000CE013D /* Assets.xcassets in Resources */,
				2253864720BFB4E600B11E0B /* Main.storyboard in Resources */,
				EC5337BA1EF78E4D00ACE038 /* Localizable.strings in Resources */,
				F1C6352C1EF141F300D0A1A0 /* LaunchScreen.storyboard in Resources */,
				2253864E20BFB4F900B11E0B /* MenuVC.xib in Resources */,
				FEAFDEE620A6E197007A3BA0 /* CreateAlertViewController.xib in Resources */,
				FE69721D209F2A5C00C8EA68 /* DetailViewController.xib in Resources */,
			);
			runOnlyForDeploymentPostprocessing = 0;
		};
		ECCCCB2A1E7A40D10073D923 /* Resources */ = {
			isa = PBXResourcesBuildPhase;
			buildActionMask = 2147483647;
			files = (
				FE1F3DBB20BD18380013D1C8 /* ApiToken.json in Resources */,
				BC3269DB20941F970027A005 /* ErrorResponse.json in Resources */,
			);
			runOnlyForDeploymentPostprocessing = 0;
		};
/* End PBXResourcesBuildPhase section */

/* Begin PBXShellScriptBuildPhase section */
		091A81515C91FC18485288EA /* [CP] Copy Pods Resources */ = {
			isa = PBXShellScriptBuildPhase;
			buildActionMask = 2147483647;
			files = (
			);
			inputPaths = (
			);
			name = "[CP] Copy Pods Resources";
			outputPaths = (
			);
			runOnlyForDeploymentPostprocessing = 0;
			shellPath = /bin/sh;
			shellScript = "\"${SRCROOT}/Pods/Target Support Files/Pods-BBCap/Pods-BBCap-resources.sh\"\n";
			showEnvVarsInLog = 0;
		};
		17F93B310A53FC5663992E9F /* [CP] Copy Pods Resources */ = {
			isa = PBXShellScriptBuildPhase;
			buildActionMask = 2147483647;
			files = (
			);
			inputPaths = (
			);
			name = "[CP] Copy Pods Resources";
			outputPaths = (
			);
			runOnlyForDeploymentPostprocessing = 0;
			shellPath = /bin/sh;
			shellScript = "\"${SRCROOT}/Pods/Target Support Files/Pods-BBCap-BBCapTests/Pods-BBCap-BBCapTests-resources.sh\"\n";
			showEnvVarsInLog = 0;
		};
		2D2897798DCEF02DFA521A7F /* [CP] Copy Pods Resources */ = {
			isa = PBXShellScriptBuildPhase;
			buildActionMask = 2147483647;
			files = (
			);
			inputPaths = (
			);
			name = "[CP] Copy Pods Resources";
			outputPaths = (
			);
			runOnlyForDeploymentPostprocessing = 0;
			shellPath = /bin/sh;
			shellScript = "\"${SRCROOT}/Pods/Target Support Files/Pods-BBCap-BBCapTests/Pods-BBCap-BBCapTests-resources.sh\"\n";
			showEnvVarsInLog = 0;
		};
		48A7389C5C639B0D512174B4 /* [CP] Embed Pods Frameworks */ = {
			isa = PBXShellScriptBuildPhase;
			buildActionMask = 2147483647;
			files = (
			);
			inputPaths = (
				"${SRCROOT}/Pods/Target Support Files/Pods-BBCap-BBCapTests/Pods-BBCap-BBCapTests-frameworks.sh",
				"${BUILT_PRODUCTS_DIR}/Alamofire/Alamofire.framework",
				"${BUILT_PRODUCTS_DIR}/AlamofireNetworkActivityIndicator/AlamofireNetworkActivityIndicator.framework",
				"${BUILT_PRODUCTS_DIR}/AsyncSwift/Async.framework",
				"${BUILT_PRODUCTS_DIR}/Charts/Charts.framework",
				"${BUILT_PRODUCTS_DIR}/Font-Awesome-Swift/Font_Awesome_Swift.framework",
				"${BUILT_PRODUCTS_DIR}/IQKeyboardManagerSwift/IQKeyboardManagerSwift.framework",
				"${BUILT_PRODUCTS_DIR}/LGSideMenuController/LGSideMenuController.framework",
				"${BUILT_PRODUCTS_DIR}/MVVM-Swift/MVVM.framework",
				"${BUILT_PRODUCTS_DIR}/ObjectMapper/ObjectMapper.framework",
				"${BUILT_PRODUCTS_DIR}/SDWebImage/SDWebImage.framework",
				"${BUILT_PRODUCTS_DIR}/SwiftDate/SwiftDate.framework",
				"${BUILT_PRODUCTS_DIR}/SwiftUtils/SwiftUtils.framework",
				"${BUILT_PRODUCTS_DIR}/SwifterSwift/SwifterSwift.framework",
				"${BUILT_PRODUCTS_DIR}/Nimble/Nimble.framework",
				"${BUILT_PRODUCTS_DIR}/OHHTTPStubs/OHHTTPStubs.framework",
				"${BUILT_PRODUCTS_DIR}/Quick/Quick.framework",
			);
			name = "[CP] Embed Pods Frameworks";
			outputPaths = (
				"${TARGET_BUILD_DIR}/${FRAMEWORKS_FOLDER_PATH}/Alamofire.framework",
				"${TARGET_BUILD_DIR}/${FRAMEWORKS_FOLDER_PATH}/AlamofireNetworkActivityIndicator.framework",
				"${TARGET_BUILD_DIR}/${FRAMEWORKS_FOLDER_PATH}/Async.framework",
				"${TARGET_BUILD_DIR}/${FRAMEWORKS_FOLDER_PATH}/Charts.framework",
				"${TARGET_BUILD_DIR}/${FRAMEWORKS_FOLDER_PATH}/Font_Awesome_Swift.framework",
				"${TARGET_BUILD_DIR}/${FRAMEWORKS_FOLDER_PATH}/IQKeyboardManagerSwift.framework",
				"${TARGET_BUILD_DIR}/${FRAMEWORKS_FOLDER_PATH}/LGSideMenuController.framework",
				"${TARGET_BUILD_DIR}/${FRAMEWORKS_FOLDER_PATH}/MVVM.framework",
				"${TARGET_BUILD_DIR}/${FRAMEWORKS_FOLDER_PATH}/ObjectMapper.framework",
				"${TARGET_BUILD_DIR}/${FRAMEWORKS_FOLDER_PATH}/SDWebImage.framework",
				"${TARGET_BUILD_DIR}/${FRAMEWORKS_FOLDER_PATH}/SwiftDate.framework",
				"${TARGET_BUILD_DIR}/${FRAMEWORKS_FOLDER_PATH}/SwiftUtils.framework",
				"${TARGET_BUILD_DIR}/${FRAMEWORKS_FOLDER_PATH}/SwifterSwift.framework",
				"${TARGET_BUILD_DIR}/${FRAMEWORKS_FOLDER_PATH}/Nimble.framework",
				"${TARGET_BUILD_DIR}/${FRAMEWORKS_FOLDER_PATH}/OHHTTPStubs.framework",
				"${TARGET_BUILD_DIR}/${FRAMEWORKS_FOLDER_PATH}/Quick.framework",
			);
			runOnlyForDeploymentPostprocessing = 0;
			shellPath = /bin/sh;
			shellScript = "\"${SRCROOT}/Pods/Target Support Files/Pods-BBCap-BBCapTests/Pods-BBCap-BBCapTests-frameworks.sh\"\n";
			showEnvVarsInLog = 0;
		};
		79CBD9B0F57401E1D3406AE2 /* [CP] Embed Pods Frameworks */ = {
			isa = PBXShellScriptBuildPhase;
			buildActionMask = 2147483647;
			files = (
			);
			inputPaths = (
				"${SRCROOT}/Pods/Target Support Files/Pods-BBCap/Pods-BBCap-frameworks.sh",
				"${BUILT_PRODUCTS_DIR}/Alamofire/Alamofire.framework",
				"${BUILT_PRODUCTS_DIR}/AlamofireNetworkActivityIndicator/AlamofireNetworkActivityIndicator.framework",
				"${BUILT_PRODUCTS_DIR}/AsyncSwift/Async.framework",
				"${BUILT_PRODUCTS_DIR}/Charts/Charts.framework",
				"${BUILT_PRODUCTS_DIR}/Font-Awesome-Swift/Font_Awesome_Swift.framework",
				"${BUILT_PRODUCTS_DIR}/IQKeyboardManagerSwift/IQKeyboardManagerSwift.framework",
				"${BUILT_PRODUCTS_DIR}/LGSideMenuController/LGSideMenuController.framework",
				"${BUILT_PRODUCTS_DIR}/MVVM-Swift/MVVM.framework",
				"${BUILT_PRODUCTS_DIR}/ObjectMapper/ObjectMapper.framework",
				"${BUILT_PRODUCTS_DIR}/SDWebImage/SDWebImage.framework",
				"${BUILT_PRODUCTS_DIR}/SwiftDate/SwiftDate.framework",
				"${BUILT_PRODUCTS_DIR}/SwiftUtils/SwiftUtils.framework",
				"${BUILT_PRODUCTS_DIR}/SwifterSwift/SwifterSwift.framework",
			);
			name = "[CP] Embed Pods Frameworks";
			outputPaths = (
				"${TARGET_BUILD_DIR}/${FRAMEWORKS_FOLDER_PATH}/Alamofire.framework",
				"${TARGET_BUILD_DIR}/${FRAMEWORKS_FOLDER_PATH}/AlamofireNetworkActivityIndicator.framework",
				"${TARGET_BUILD_DIR}/${FRAMEWORKS_FOLDER_PATH}/Async.framework",
				"${TARGET_BUILD_DIR}/${FRAMEWORKS_FOLDER_PATH}/Charts.framework",
				"${TARGET_BUILD_DIR}/${FRAMEWORKS_FOLDER_PATH}/Font_Awesome_Swift.framework",
				"${TARGET_BUILD_DIR}/${FRAMEWORKS_FOLDER_PATH}/IQKeyboardManagerSwift.framework",
				"${TARGET_BUILD_DIR}/${FRAMEWORKS_FOLDER_PATH}/LGSideMenuController.framework",
				"${TARGET_BUILD_DIR}/${FRAMEWORKS_FOLDER_PATH}/MVVM.framework",
				"${TARGET_BUILD_DIR}/${FRAMEWORKS_FOLDER_PATH}/ObjectMapper.framework",
				"${TARGET_BUILD_DIR}/${FRAMEWORKS_FOLDER_PATH}/SDWebImage.framework",
				"${TARGET_BUILD_DIR}/${FRAMEWORKS_FOLDER_PATH}/SwiftDate.framework",
				"${TARGET_BUILD_DIR}/${FRAMEWORKS_FOLDER_PATH}/SwiftUtils.framework",
				"${TARGET_BUILD_DIR}/${FRAMEWORKS_FOLDER_PATH}/SwifterSwift.framework",
			);
			runOnlyForDeploymentPostprocessing = 0;
			shellPath = /bin/sh;
			shellScript = "\"${SRCROOT}/Pods/Target Support Files/Pods-BBCap/Pods-BBCap-frameworks.sh\"\n";
			showEnvVarsInLog = 0;
		};
		B0E09827A261C794A6F031AA /* [CP] Check Pods Manifest.lock */ = {
			isa = PBXShellScriptBuildPhase;
			buildActionMask = 2147483647;
			files = (
			);
			inputPaths = (
				"${PODS_PODFILE_DIR_PATH}/Podfile.lock",
				"${PODS_ROOT}/Manifest.lock",
			);
			name = "[CP] Check Pods Manifest.lock";
			outputPaths = (
				"$(DERIVED_FILE_DIR)/Pods-BBCap-checkManifestLockResult.txt",
			);
			runOnlyForDeploymentPostprocessing = 0;
			shellPath = /bin/sh;
			shellScript = "diff \"${PODS_PODFILE_DIR_PATH}/Podfile.lock\" \"${PODS_ROOT}/Manifest.lock\" > /dev/null\nif [ $? != 0 ] ; then\n    # print error to STDERR\n    echo \"error: The sandbox is not in sync with the Podfile.lock. Run 'pod install' or update your CocoaPods installation.\" >&2\n    exit 1\nfi\n# This output is used by Xcode 'outputs' to avoid re-running this script phase.\necho \"SUCCESS\" > \"${SCRIPT_OUTPUT_FILE_0}\"\n";
			showEnvVarsInLog = 0;
		};
		BB48CAD8894F6F7352250348 /* [CP] Check Pods Manifest.lock */ = {
			isa = PBXShellScriptBuildPhase;
			buildActionMask = 2147483647;
			files = (
			);
			inputPaths = (
				"${PODS_PODFILE_DIR_PATH}/Podfile.lock",
				"${PODS_ROOT}/Manifest.lock",
			);
			name = "[CP] Check Pods Manifest.lock";
			outputPaths = (
				"$(DERIVED_FILE_DIR)/Pods-BBCap-BBCapTests-checkManifestLockResult.txt",
			);
			runOnlyForDeploymentPostprocessing = 0;
			shellPath = /bin/sh;
			shellScript = "diff \"${PODS_PODFILE_DIR_PATH}/Podfile.lock\" \"${PODS_ROOT}/Manifest.lock\" > /dev/null\nif [ $? != 0 ] ; then\n    # print error to STDERR\n    echo \"error: The sandbox is not in sync with the Podfile.lock. Run 'pod install' or update your CocoaPods installation.\" >&2\n    exit 1\nfi\n# This output is used by Xcode 'outputs' to avoid re-running this script phase.\necho \"SUCCESS\" > \"${SCRIPT_OUTPUT_FILE_0}\"\n";
			showEnvVarsInLog = 0;
		};
		DD6072EC3BDAA567430E4EC2 /* [CP] Copy Pods Resources */ = {
			isa = PBXShellScriptBuildPhase;
			buildActionMask = 2147483647;
			files = (
			);
			inputPaths = (
			);
			name = "[CP] Copy Pods Resources";
			outputPaths = (
			);
			runOnlyForDeploymentPostprocessing = 0;
			shellPath = /bin/sh;
			shellScript = "\"${SRCROOT}/Pods/Target Support Files/Pods-BBCap/Pods-BBCap-resources.sh\"\n";
			showEnvVarsInLog = 0;
		};
		EC8C6FF51ECAF27D00C52F7A /* SwiftLint */ = {
			isa = PBXShellScriptBuildPhase;
			buildActionMask = 2147483647;
			files = (
			);
			inputPaths = (
			);
			name = SwiftLint;
			outputPaths = (
			);
			runOnlyForDeploymentPostprocessing = 0;
			shellPath = /bin/sh;
			shellScript = "if [[ \"$CI\" == 'true' ]]; then\n    exit 0\nfi\n\nif [[ -s \"${PODS_ROOT}/SwiftLint/swiftlint\" ]]; then\n    echo 'Linting...'\n    \"${PODS_ROOT}/SwiftLint/swiftlint\"\nelse\n    echo 'error: SwiftLint not installed, please read README first.'\n    exit 1\nfi\n";
		};
		FEAFDEE120A6D12A007A3BA0 /* ShellScript */ = {
			isa = PBXShellScriptBuildPhase;
			buildActionMask = 2147483647;
			files = (
			);
			inputPaths = (
			);
			outputPaths = (
			);
			runOnlyForDeploymentPostprocessing = 0;
			shellPath = /bin/sh;
			shellScript = "TAGS=\"TODO:\"\necho \"searching ${SRCROOT} for ${TAGS}\"\nfind \"${SRCROOT}\" \\( -name \"*.swift\" \\) -print0 | xargs -0 egrep --with-filename --line-number --only-matching \"($TAGS).*\\$\" | perl -p -e \"s/($TAGS)/ warning: \\$1/\"";
		};
/* End PBXShellScriptBuildPhase section */

/* Begin PBXSourcesBuildPhase section */
		ECCCCB141E7A40D00073D923 /* Sources */ = {
			isa = PBXSourcesBuildPhase;
			buildActionMask = 2147483647;
			files = (
				22C3A0B520C0754C00602CBC /* HomeCell.swift in Sources */,
				EC5337C11EF7939C00ACE038 /* TableCell.swift in Sources */,
				ECF23AC31E9B9264008C23C1 /* StringExt.swift in Sources */,
				FE01F20220AC7293004494E1 /* StatusBarView.swift in Sources */,
				2253865620BFB53900B11E0B /* RawRepresentableExt.swift in Sources */,
				FE69721C209F2A5C00C8EA68 /* DetailViewController.swift in Sources */,
				FEB3887320C2DC4500A46541 /* API.Coinmarket.swift in Sources */,
				2253865720BFB53900B11E0B /* UIStoryBoardExt.swift in Sources */,
				FE452C5820A48AFB00FAD103 /* AddTransactionViewController.swift in Sources */,
				FE69722B209F480100C8EA68 /* SignedNumericExt.swift in Sources */,
				EC5337B71EF78CD800ACE038 /* App.swift in Sources */,
				FED62EF4209DE96F0070ABDE /* UILabelExt.swift in Sources */,
				FE697225209F3C0900C8EA68 /* BBView.swift in Sources */,
				FE69722D209F4B7200C8EA68 /* CurrencyVolumeViewModel.swift in Sources */,
				ECC5B2CD1EF906CA001A97BC /* ViewController.swift in Sources */,
				FEB3887120C2DB5D00A46541 /* Currency.swift in Sources */,
				FED62EF6209DE9C30070ABDE /* Ratio.swift in Sources */,
				FE697229209F436A00C8EA68 /* DetailViewModel.swift in Sources */,
				22C3A0A620BFB97A00602CBC /* SideMenuController.swift in Sources */,
				22C3A0AE20BFBA2B00602CBC /* HomeVC.swift in Sources */,
				2253865520BFB53900B11E0B /* ColectionExt.swift in Sources */,
				EC5337C31EF793B100ACE038 /* CollectionCell.swift in Sources */,
				FEB3887520C2DD6300A46541 /* DoubleExt.swift in Sources */,
				ECF23ABA1E9B89B2008C23C1 /* RequestSerializer.swift in Sources */,
				FEAFDEE820A6EA02007A3BA0 /* CreateAlertViewModel.swift in Sources */,
				22C3A0B020C0737000602CBC /* Size.swift in Sources */,
				2253864F20BFB4F900B11E0B /* MenuVC.swift in Sources */,
				FE3912CF20A5DD4500F31516 /* UITextFieldExt.swift in Sources */,
				FED62EFB209E25360070ABDE /* TimeAxisValueFormatter.swift in Sources */,
				FE1F3DB620BCFC120013D1C8 /* Session.swift in Sources */,
				ECC5B2CB1EF90495001A97BC /* Button.swift in Sources */,
				EC0105541E8F8AE000CE013D /* AppDelegate.swift in Sources */,
				EC6FD30A1EF8B71200CB6642 /* DefaultsExt.swift in Sources */,
				EC332A481EA0A8CB0011DF1E /* Api.swift in Sources */,
				FE1F3DBD20BD35A60013D1C8 /* UserDefaultsKey.swift in Sources */,
				22C60B3120C2FBC500577688 /* UIImageViewExt.swift in Sources */,
				ECF23AB41E9B869B008C23C1 /* ApiManager.swift in Sources */,
				2253865820BFB53900B11E0B /* CustomStringConvertibleExt.swift in Sources */,
				22C60B3420C2FBE400577688 /* Ticket.swift in Sources */,
				ECEC0C5A1ED44D4100F6760A /* UIViewControllerExt.swift in Sources */,
				FEAFDEE520A6E197007A3BA0 /* CreateAlertViewController.swift in Sources */,
				ECEC0C581ED44C5D00F6760A /* String.swift in Sources */,
				EC5337BE1EF78FEA00ACE038 /* Font.swift in Sources */,
				225EB11320C3A10E00FCF51F /* IntExt.swift in Sources */,
				ECF23ABB1E9B89B2008C23C1 /* ResponseSerializer.swift in Sources */,
				ECF23ABE1E9B8A6A008C23C1 /* Error.swift in Sources */,
				FE697220209F357A00C8EA68 /* CurrencyVolumeView.swift in Sources */,
				FE1F3DB220BCE41D0013D1C8 /* API.Register.swift in Sources */,
				2253865020BFB4F900B11E0B /* MenuCell.swift in Sources */,
				EC5337B51EF7845700ACE038 /* Color.swift in Sources */,
				22C3A0AB20BFB9BA00602CBC /* BBTabbarController.swift in Sources */,
				22C60B3520C2FBE400577688 /* GlobalInfo.swift in Sources */,
			);
			runOnlyForDeploymentPostprocessing = 0;
		};
		ECCCCB281E7A40D10073D923 /* Sources */ = {
			isa = PBXSourcesBuildPhase;
			buildActionMask = 2147483647;
			files = (
				FE697233209F704F00C8EA68 /* CurrencyVolumeViewTests.swift in Sources */,
				BC627BDA2093916F007D3B78 /* ApiManagerTests.swift in Sources */,
				BC3269DA20941F900027A005 /* DataExt.swift in Sources */,
				FEB3887820C2E20100A46541 /* DetailViewModelTests.swift in Sources */,
				FE1F3DBA20BD15580013D1C8 /* APIResigterTests.swift in Sources */,
				BC3269DC209424520027A005 /* Constant.swift in Sources */,
				FE697230209F669C00C8EA68 /* DetailViewControllerTests.swift in Sources */,
			);
			runOnlyForDeploymentPostprocessing = 0;
		};
/* End PBXSourcesBuildPhase section */

/* Begin PBXTargetDependency section */
		ECCCCB2E1E7A40D10073D923 /* PBXTargetDependency */ = {
			isa = PBXTargetDependency;
			target = ECCCCB171E7A40D00073D923 /* BBCap */;
			targetProxy = ECCCCB2D1E7A40D10073D923 /* PBXContainerItemProxy */;
		};
/* End PBXTargetDependency section */

/* Begin PBXVariantGroup section */
		EC5337BC1EF78E4D00ACE038 /* Localizable.strings */ = {
			isa = PBXVariantGroup;
			children = (
				EC5337BB1EF78E4D00ACE038 /* Base */,
			);
			name = Localizable.strings;
			sourceTree = "<group>";
		};
/* End PBXVariantGroup section */

/* Begin XCBuildConfiguration section */
		ECCCCB331E7A40D10073D923 /* Debug */ = {
			isa = XCBuildConfiguration;
			buildSettings = {
				ALWAYS_SEARCH_USER_PATHS = NO;
				CLANG_ANALYZER_NONNULL = YES;
				CLANG_CXX_LANGUAGE_STANDARD = "gnu++0x";
				CLANG_CXX_LIBRARY = "libc++";
				CLANG_ENABLE_MODULES = YES;
				CLANG_ENABLE_OBJC_ARC = YES;
				CLANG_WARN_BLOCK_CAPTURE_AUTORELEASING = YES;
				CLANG_WARN_BOOL_CONVERSION = YES;
				CLANG_WARN_COMMA = YES;
				CLANG_WARN_CONSTANT_CONVERSION = YES;
				CLANG_WARN_DIRECT_OBJC_ISA_USAGE = YES_ERROR;
				CLANG_WARN_DOCUMENTATION_COMMENTS = YES;
				CLANG_WARN_EMPTY_BODY = YES;
				CLANG_WARN_ENUM_CONVERSION = YES;
				CLANG_WARN_INFINITE_RECURSION = YES;
				CLANG_WARN_INT_CONVERSION = YES;
				CLANG_WARN_NON_LITERAL_NULL_CONVERSION = YES;
				CLANG_WARN_OBJC_LITERAL_CONVERSION = YES;
				CLANG_WARN_OBJC_ROOT_CLASS = YES_ERROR;
				CLANG_WARN_RANGE_LOOP_ANALYSIS = YES;
				CLANG_WARN_STRICT_PROTOTYPES = YES;
				CLANG_WARN_SUSPICIOUS_MOVE = YES;
				CLANG_WARN_UNREACHABLE_CODE = YES;
				CLANG_WARN__DUPLICATE_METHOD_MATCH = YES;
				"CODE_SIGN_IDENTITY[sdk=iphoneos*]" = "iPhone Developer";
				COPY_PHASE_STRIP = NO;
				DEBUG_INFORMATION_FORMAT = dwarf;
				ENABLE_STRICT_OBJC_MSGSEND = YES;
				ENABLE_TESTABILITY = YES;
				GCC_C_LANGUAGE_STANDARD = gnu99;
				GCC_DYNAMIC_NO_PIC = NO;
				GCC_NO_COMMON_BLOCKS = YES;
				GCC_OPTIMIZATION_LEVEL = 0;
				GCC_PREPROCESSOR_DEFINITIONS = (
					"DEBUG=1",
					"$(inherited)",
				);
				GCC_WARN_64_TO_32_BIT_CONVERSION = YES;
				GCC_WARN_ABOUT_RETURN_TYPE = YES_ERROR;
				GCC_WARN_UNDECLARED_SELECTOR = YES;
				GCC_WARN_UNINITIALIZED_AUTOS = YES_AGGRESSIVE;
				GCC_WARN_UNUSED_FUNCTION = YES;
				GCC_WARN_UNUSED_VARIABLE = YES;
				IPHONEOS_DEPLOYMENT_TARGET = 9.0;
				MTL_ENABLE_DEBUG_INFO = YES;
				ONLY_ACTIVE_ARCH = YES;
				SDKROOT = iphoneos;
				SWIFT_ACTIVE_COMPILATION_CONDITIONS = DEBUG;
				SWIFT_OPTIMIZATION_LEVEL = "-Onone";
			};
			name = Debug;
		};
		ECCCCB341E7A40D10073D923 /* Release */ = {
			isa = XCBuildConfiguration;
			buildSettings = {
				ALWAYS_SEARCH_USER_PATHS = NO;
				CLANG_ANALYZER_NONNULL = YES;
				CLANG_CXX_LANGUAGE_STANDARD = "gnu++0x";
				CLANG_CXX_LIBRARY = "libc++";
				CLANG_ENABLE_MODULES = YES;
				CLANG_ENABLE_OBJC_ARC = YES;
				CLANG_WARN_BLOCK_CAPTURE_AUTORELEASING = YES;
				CLANG_WARN_BOOL_CONVERSION = YES;
				CLANG_WARN_COMMA = YES;
				CLANG_WARN_CONSTANT_CONVERSION = YES;
				CLANG_WARN_DIRECT_OBJC_ISA_USAGE = YES_ERROR;
				CLANG_WARN_DOCUMENTATION_COMMENTS = YES;
				CLANG_WARN_EMPTY_BODY = YES;
				CLANG_WARN_ENUM_CONVERSION = YES;
				CLANG_WARN_INFINITE_RECURSION = YES;
				CLANG_WARN_INT_CONVERSION = YES;
				CLANG_WARN_NON_LITERAL_NULL_CONVERSION = YES;
				CLANG_WARN_OBJC_LITERAL_CONVERSION = YES;
				CLANG_WARN_OBJC_ROOT_CLASS = YES_ERROR;
				CLANG_WARN_RANGE_LOOP_ANALYSIS = YES;
				CLANG_WARN_STRICT_PROTOTYPES = YES;
				CLANG_WARN_SUSPICIOUS_MOVE = YES;
				CLANG_WARN_UNREACHABLE_CODE = YES;
				CLANG_WARN__DUPLICATE_METHOD_MATCH = YES;
				"CODE_SIGN_IDENTITY[sdk=iphoneos*]" = "iPhone Developer";
				COPY_PHASE_STRIP = NO;
				DEBUG_INFORMATION_FORMAT = "dwarf-with-dsym";
				ENABLE_NS_ASSERTIONS = NO;
				ENABLE_STRICT_OBJC_MSGSEND = YES;
				GCC_C_LANGUAGE_STANDARD = gnu99;
				GCC_NO_COMMON_BLOCKS = YES;
				GCC_PREPROCESSOR_DEFINITIONS = "";
				GCC_WARN_64_TO_32_BIT_CONVERSION = YES;
				GCC_WARN_ABOUT_RETURN_TYPE = YES_ERROR;
				GCC_WARN_UNDECLARED_SELECTOR = YES;
				GCC_WARN_UNINITIALIZED_AUTOS = YES_AGGRESSIVE;
				GCC_WARN_UNUSED_FUNCTION = YES;
				GCC_WARN_UNUSED_VARIABLE = YES;
				IPHONEOS_DEPLOYMENT_TARGET = 9.0;
				MTL_ENABLE_DEBUG_INFO = NO;
				SDKROOT = iphoneos;
				SWIFT_OPTIMIZATION_LEVEL = "-Owholemodule";
				VALIDATE_PRODUCT = YES;
			};
			name = Release;
		};
		ECCCCB361E7A40D10073D923 /* Debug */ = {
			isa = XCBuildConfiguration;
			baseConfigurationReference = 75C26C3F00634F7753D874C5 /* Pods-BBCap.debug.xcconfig */;
			buildSettings = {
				ASSETCATALOG_COMPILER_APPICON_NAME = AppIcon;
				FRAMEWORK_SEARCH_PATHS = "$(inherited)";
				INFOPLIST_FILE = "$(SRCROOT)/BBCap/Supports/Info.plist";
				IPHONEOS_DEPLOYMENT_TARGET = 9.0;
				LD_RUNPATH_SEARCH_PATHS = "$(inherited) @executable_path/Frameworks";
				PRODUCT_BUNDLE_IDENTIFIER = vn.asiantech.dev.mvvm.demo;
				PRODUCT_NAME = "$(TARGET_NAME)";
				SWIFT_VERSION = 4.0;
			};
			name = Debug;
		};
		ECCCCB371E7A40D10073D923 /* Release */ = {
			isa = XCBuildConfiguration;
			baseConfigurationReference = 74BCDA5E3E13E3D93995831F /* Pods-BBCap.release.xcconfig */;
			buildSettings = {
				ASSETCATALOG_COMPILER_APPICON_NAME = AppIcon;
				FRAMEWORK_SEARCH_PATHS = "$(inherited)";
				INFOPLIST_FILE = "$(SRCROOT)/BBCap/Supports/Info.plist";
				IPHONEOS_DEPLOYMENT_TARGET = 9.0;
				LD_RUNPATH_SEARCH_PATHS = "$(inherited) @executable_path/Frameworks";
				PRODUCT_BUNDLE_IDENTIFIER = vn.asiantech.dev.mvvm.demo;
				PRODUCT_NAME = "$(TARGET_NAME)";
				SWIFT_VERSION = 4.0;
			};
			name = Release;
		};
		ECCCCB391E7A40D10073D923 /* Debug */ = {
			isa = XCBuildConfiguration;
			baseConfigurationReference = 2649F5F6F87AEE8D068FE6BC /* Pods-BBCap-BBCapTests.debug.xcconfig */;
			buildSettings = {
				ALWAYS_EMBED_SWIFT_STANDARD_LIBRARIES = "${inherited}";
				BUNDLE_LOADER = "$(TEST_HOST)";
				CLANG_ENABLE_MODULES = YES;
				INFOPLIST_FILE = MyAppTests/Info.plist;
				LD_RUNPATH_SEARCH_PATHS = "$(inherited) @executable_path/Frameworks @loader_path/Frameworks";
				PRODUCT_BUNDLE_IDENTIFIER = vn.asiantech.dev.mvvm.tests;
				PRODUCT_NAME = "$(TARGET_NAME)";
				SWIFT_OPTIMIZATION_LEVEL = "-Onone";
				SWIFT_VERSION = 4.0;
				TEST_HOST = "$(BUILT_PRODUCTS_DIR)/BBCap.app/BBCap";
			};
			name = Debug;
		};
		ECCCCB3A1E7A40D10073D923 /* Release */ = {
			isa = XCBuildConfiguration;
			baseConfigurationReference = C67210EC0CCE469826105D1B /* Pods-BBCap-BBCapTests.release.xcconfig */;
			buildSettings = {
				ALWAYS_EMBED_SWIFT_STANDARD_LIBRARIES = "${inherited}";
				BUNDLE_LOADER = "$(TEST_HOST)";
				CLANG_ENABLE_MODULES = YES;
				INFOPLIST_FILE = MyAppTests/Info.plist;
				LD_RUNPATH_SEARCH_PATHS = "$(inherited) @executable_path/Frameworks @loader_path/Frameworks";
				PRODUCT_BUNDLE_IDENTIFIER = vn.asiantech.dev.mvvm.tests;
				PRODUCT_NAME = "$(TARGET_NAME)";
				SWIFT_VERSION = 4.0;
				TEST_HOST = "$(BUILT_PRODUCTS_DIR)/BBCap.app/BBCap";
			};
			name = Release;
		};
		ECE876851EA9B979005DD06D /* Staging */ = {
			isa = XCBuildConfiguration;
			buildSettings = {
				ALWAYS_SEARCH_USER_PATHS = NO;
				CLANG_ANALYZER_NONNULL = YES;
				CLANG_CXX_LANGUAGE_STANDARD = "gnu++0x";
				CLANG_CXX_LIBRARY = "libc++";
				CLANG_ENABLE_MODULES = YES;
				CLANG_ENABLE_OBJC_ARC = YES;
				CLANG_WARN_BLOCK_CAPTURE_AUTORELEASING = YES;
				CLANG_WARN_BOOL_CONVERSION = YES;
				CLANG_WARN_COMMA = YES;
				CLANG_WARN_CONSTANT_CONVERSION = YES;
				CLANG_WARN_DIRECT_OBJC_ISA_USAGE = YES_ERROR;
				CLANG_WARN_DOCUMENTATION_COMMENTS = YES;
				CLANG_WARN_EMPTY_BODY = YES;
				CLANG_WARN_ENUM_CONVERSION = YES;
				CLANG_WARN_INFINITE_RECURSION = YES;
				CLANG_WARN_INT_CONVERSION = YES;
				CLANG_WARN_NON_LITERAL_NULL_CONVERSION = YES;
				CLANG_WARN_OBJC_LITERAL_CONVERSION = YES;
				CLANG_WARN_OBJC_ROOT_CLASS = YES_ERROR;
				CLANG_WARN_RANGE_LOOP_ANALYSIS = YES;
				CLANG_WARN_STRICT_PROTOTYPES = YES;
				CLANG_WARN_SUSPICIOUS_MOVE = YES;
				CLANG_WARN_UNREACHABLE_CODE = YES;
				CLANG_WARN__DUPLICATE_METHOD_MATCH = YES;
				"CODE_SIGN_IDENTITY[sdk=iphoneos*]" = "iPhone Developer";
				COPY_PHASE_STRIP = NO;
				DEBUG_INFORMATION_FORMAT = "dwarf-with-dsym";
				ENABLE_NS_ASSERTIONS = NO;
				ENABLE_STRICT_OBJC_MSGSEND = YES;
				GCC_C_LANGUAGE_STANDARD = gnu99;
				GCC_NO_COMMON_BLOCKS = YES;
				GCC_PREPROCESSOR_DEFINITIONS = "STG=1";
				GCC_WARN_64_TO_32_BIT_CONVERSION = YES;
				GCC_WARN_ABOUT_RETURN_TYPE = YES_ERROR;
				GCC_WARN_UNDECLARED_SELECTOR = YES;
				GCC_WARN_UNINITIALIZED_AUTOS = YES_AGGRESSIVE;
				GCC_WARN_UNUSED_FUNCTION = YES;
				GCC_WARN_UNUSED_VARIABLE = YES;
				IPHONEOS_DEPLOYMENT_TARGET = 9.0;
				MTL_ENABLE_DEBUG_INFO = NO;
				SDKROOT = iphoneos;
				SWIFT_ACTIVE_COMPILATION_CONDITIONS = STG;
				SWIFT_OPTIMIZATION_LEVEL = "-Owholemodule";
				VALIDATE_PRODUCT = YES;
			};
			name = Staging;
		};
		ECE876861EA9B979005DD06D /* Staging */ = {
			isa = XCBuildConfiguration;
			baseConfigurationReference = EB741642CD7BB86408F91AAB /* Pods-BBCap.staging.xcconfig */;
			buildSettings = {
				ASSETCATALOG_COMPILER_APPICON_NAME = AppIcon;
				FRAMEWORK_SEARCH_PATHS = "$(inherited)";
				INFOPLIST_FILE = "$(SRCROOT)/BBCap/Supports/Info.plist";
				IPHONEOS_DEPLOYMENT_TARGET = 9.0;
				LD_RUNPATH_SEARCH_PATHS = "$(inherited) @executable_path/Frameworks";
				PRODUCT_BUNDLE_IDENTIFIER = vn.asiantech.dev.mvvm.demo;
				PRODUCT_NAME = "$(TARGET_NAME)";
				SWIFT_VERSION = 4.0;
			};
			name = Staging;
		};
		ECE876871EA9B979005DD06D /* Staging */ = {
			isa = XCBuildConfiguration;
			baseConfigurationReference = C3BAF8593FF6B11A7542C9D0 /* Pods-BBCap-BBCapTests.staging.xcconfig */;
			buildSettings = {
				ALWAYS_EMBED_SWIFT_STANDARD_LIBRARIES = "${inherited}";
				BUNDLE_LOADER = "$(TEST_HOST)";
				CLANG_ENABLE_MODULES = YES;
				INFOPLIST_FILE = MyAppTests/Info.plist;
				LD_RUNPATH_SEARCH_PATHS = "$(inherited) @executable_path/Frameworks @loader_path/Frameworks";
				PRODUCT_BUNDLE_IDENTIFIER = vn.asiantech.dev.mvvm.tests;
				PRODUCT_NAME = "$(TARGET_NAME)";
				SWIFT_VERSION = 4.0;
				TEST_HOST = "$(BUILT_PRODUCTS_DIR)/BBCap.app/BBCap";
			};
			name = Staging;
		};
/* End XCBuildConfiguration section */

/* Begin XCConfigurationList section */
		ECCCCB131E7A40D00073D923 /* Build configuration list for PBXProject "BBCap" */ = {
			isa = XCConfigurationList;
			buildConfigurations = (
				ECCCCB331E7A40D10073D923 /* Debug */,
				ECCCCB341E7A40D10073D923 /* Release */,
				ECE876851EA9B979005DD06D /* Staging */,
			);
			defaultConfigurationIsVisible = 0;
			defaultConfigurationName = Release;
		};
		ECCCCB351E7A40D10073D923 /* Build configuration list for PBXNativeTarget "BBCap" */ = {
			isa = XCConfigurationList;
			buildConfigurations = (
				ECCCCB361E7A40D10073D923 /* Debug */,
				ECCCCB371E7A40D10073D923 /* Release */,
				ECE876861EA9B979005DD06D /* Staging */,
			);
			defaultConfigurationIsVisible = 0;
			defaultConfigurationName = Release;
		};
		ECCCCB381E7A40D10073D923 /* Build configuration list for PBXNativeTarget "BBCapTests" */ = {
			isa = XCConfigurationList;
			buildConfigurations = (
				ECCCCB391E7A40D10073D923 /* Debug */,
				ECCCCB3A1E7A40D10073D923 /* Release */,
				ECE876871EA9B979005DD06D /* Staging */,
			);
			defaultConfigurationIsVisible = 0;
			defaultConfigurationName = Release;
		};
/* End XCConfigurationList section */
	};
	rootObject = ECCCCB101E7A40D00073D923 /* Project object */;
}
